{
  "requires": true,
  "lockfileVersion": 1,
  "dependencies": {
    "react-image-crop": {
      "version": "3.0.10",
      "resolved": "https://registry.npmjs.org/react-image-crop/-/react-image-crop-3.0.10.tgz",
      "integrity": "sha512-gKTJQ83d956YvbGOBpxZYcgnnBGqkzXBWoR4DeTZ9pgBw3P/Iz3rdCdKVFckdhimCgXrdkTeM2Z9yEp00lZsHg=="
    }
  }
}
